// !$*UTF8*$!
{
	archiveVersion = 1;
	classes = {
	};
	objectVersion = 46;
	objects = {

/* Begin PBXBuildFile section */
		7F6920D9198DE8B9002F787F /* Foundation.framework in Frameworks */ = {isa = PBXBuildFile; fileRef = 7F6920D8198DE8B9002F787F /* Foundation.framework */; };
		7F6920DB198DE8B9002F787F /* CoreGraphics.framework in Frameworks */ = {isa = PBXBuildFile; fileRef = 7F6920DA198DE8B9002F787F /* CoreGraphics.framework */; };
		7F6920DD198DE8B9002F787F /* UIKit.framework in Frameworks */ = {isa = PBXBuildFile; fileRef = 7F6920DC198DE8B9002F787F /* UIKit.framework */; };
		7F6920E3198DE8B9002F787F /* InfoPlist.strings in Resources */ = {isa = PBXBuildFile; fileRef = 7F6920E1198DE8B9002F787F /* InfoPlist.strings */; };
		7F6920E5198DE8B9002F787F /* main.m in Sources */ = {isa = PBXBuildFile; fileRef = 7F6920E4198DE8B9002F787F /* main.m */; };
		7F6920E9198DE8B9002F787F /* AppDelegate.m in Sources */ = {isa = PBXBuildFile; fileRef = 7F6920E8198DE8B9002F787F /* AppDelegate.m */; };
		7F6920EB198DE8B9002F787F /* Images.xcassets in Resources */ = {isa = PBXBuildFile; fileRef = 7F6920EA198DE8B9002F787F /* Images.xcassets */; };
		7F6920F2198DE8BA002F787F /* XCTest.framework in Frameworks */ = {isa = PBXBuildFile; fileRef = 7F6920F1198DE8BA002F787F /* XCTest.framework */; };
		7F6920F3198DE8BA002F787F /* Foundation.framework in Frameworks */ = {isa = PBXBuildFile; fileRef = 7F6920D8198DE8B9002F787F /* Foundation.framework */; };
		7F6920F4198DE8BA002F787F /* UIKit.framework in Frameworks */ = {isa = PBXBuildFile; fileRef = 7F6920DC198DE8B9002F787F /* UIKit.framework */; };
		7F6920FC198DE8BA002F787F /* InfoPlist.strings in Resources */ = {isa = PBXBuildFile; fileRef = 7F6920FA198DE8BA002F787F /* InfoPlist.strings */; };
		7F6920FE198DE8BA002F787F /* ToDoListTests.m in Sources */ = {isa = PBXBuildFile; fileRef = 7F6920FD198DE8BA002F787F /* ToDoListTests.m */; };
		7F692108198DEB7F002F787F /* Main.storyboard in Resources */ = {isa = PBXBuildFile; fileRef = 7F692107198DEB7F002F787F /* Main.storyboard */; };
/* End PBXBuildFile section */

/* Begin PBXContainerItemProxy section */
		7F6920F5198DE8BA002F787F /* PBXContainerItemProxy */ = {
			isa = PBXContainerItemProxy;
			containerPortal = 7F6920CD198DE8B9002F787F /* Project object */;
			proxyType = 1;
			remoteGlobalIDString = 7F6920D4198DE8B9002F787F;
			remoteInfo = ToDoList;
		};
/* End PBXContainerItemProxy section */

/* Begin PBXFileReference section */
		7F6920D5198DE8B9002F787F /* ToDoList.app */ = {isa = PBXFileReference; explicitFileType = wrapper.application; includeInIndex = 0; path = ToDoList.app; sourceTree = BUILT_PRODUCTS_DIR; };
		7F6920D8198DE8B9002F787F /* Foundation.framework */ = {isa = PBXFileReference; lastKnownFileType = wrapper.framework; name = Foundation.framework; path = System/Library/Frameworks/Foundation.framework; sourceTree = SDKROOT; };
		7F6920DA198DE8B9002F787F /* CoreGraphics.framework */ = {isa = PBXFileReference; lastKnownFileType = wrapper.framework; name = CoreGraphics.framework; path = System/Library/Frameworks/CoreGraphics.framework; sourceTree = SDKROOT; };
		7F6920DC198DE8B9002F787F /* UIKit.framework */ = {isa = PBXFileReference; lastKnownFileType = wrapper.framework; name = UIKit.framework; path = System/Library/Frameworks/UIKit.framework; sourceTree = SDKROOT; };
		7F6920E0198DE8B9002F787F /* ToDoList-Info.plist */ = {isa = PBXFileReference; lastKnownFileType = text.plist.xml; path = "ToDoList-Info.plist"; sourceTree = "<group>"; };
		7F6920E2198DE8B9002F787F /* en */ = {isa = PBXFileReference; lastKnownFileType = text.plist.strings; name = en; path = en.lproj/InfoPlist.strings; sourceTree = "<group>"; };
		7F6920E4198DE8B9002F787F /* main.m */ = {isa = PBXFileReference; lastKnownFileType = sourcecode.c.objc; path = main.m; sourceTree = "<group>"; };
		7F6920E6198DE8B9002F787F /* ToDoList-Prefix.pch */ = {isa = PBXFileReference; lastKnownFileType = sourcecode.c.h; path = "ToDoList-Prefix.pch"; sourceTree = "<group>"; };
		7F6920E7198DE8B9002F787F /* AppDelegate.h */ = {isa = PBXFileReference; lastKnownFileType = sourcecode.c.h; path = AppDelegate.h; sourceTree = "<group>"; };
		7F6920E8198DE8B9002F787F /* AppDelegate.m */ = {isa = PBXFileReference; lastKnownFileType = sourcecode.c.objc; path = AppDelegate.m; sourceTree = "<group>"; };
		7F6920EA198DE8B9002F787F /* Images.xcassets */ = {isa = PBXFileReference; lastKnownFileType = folder.assetcatalog; path = Images.xcassets; sourceTree = "<group>"; };
		7F6920F0198DE8BA002F787F /* ToDoListTests.xctest */ = {isa = PBXFileReference; explicitFileType = wrapper.cfbundle; includeInIndex = 0; path = ToDoListTests.xctest; sourceTree = BUILT_PRODUCTS_DIR; };
		7F6920F1198DE8BA002F787F /* XCTest.framework */ = {isa = PBXFileReference; lastKnownFileType = wrapper.framework; name = XCTest.framework; path = Library/Frameworks/XCTest.framework; sourceTree = DEVELOPER_DIR; };
		7F6920F9198DE8BA002F787F /* ToDoListTests-Info.plist */ = {isa = PBXFileReference; lastKnownFileType = text.plist.xml; path = "ToDoListTests-Info.plist"; sourceTree = "<group>"; };
		7F6920FB198DE8BA002F787F /* en */ = {isa = PBXFileReference; lastKnownFileType = text.plist.strings; name = en; path = en.lproj/InfoPlist.strings; sourceTree = "<group>"; };
		7F6920FD198DE8BA002F787F /* ToDoListTests.m */ = {isa = PBXFileReference; lastKnownFileType = sourcecode.c.objc; path = ToDoListTests.m; sourceTree = "<group>"; };
		7F692107198DEB7F002F787F /* Main.storyboard */ = {isa = PBXFileReference; fileEncoding = 4; lastKnownFileType = file.storyboard; path = Main.storyboard; sourceTree = "<group>"; };
/* End PBXFileReference section */

/* Begin PBXFrameworksBuildPhase section */
		7F6920D2198DE8B9002F787F /* Frameworks */ = {
			isa = PBXFrameworksBuildPhase;
			buildActionMask = 2147483647;
			files = (
				7F6920DB198DE8B9002F787F /* CoreGraphics.framework in Frameworks */,
				7F6920DD198DE8B9002F787F /* UIKit.framework in Frameworks */,
				7F6920D9198DE8B9002F787F /* Foundation.framework in Frameworks */,
			);
			runOnlyForDeploymentPostprocessing = 0;
		};
		7F6920ED198DE8BA002F787F /* Frameworks */ = {
			isa = PBXFrameworksBuildPhase;
			buildActionMask = 2147483647;
			files = (
				7F6920F2198DE8BA002F787F /* XCTest.framework in Frameworks */,
				7F6920F4198DE8BA002F787F /* UIKit.framework in Frameworks */,
				7F6920F3198DE8BA002F787F /* Foundation.framework in Frameworks */,
			);
			runOnlyForDeploymentPostprocessing = 0;
		};
/* End PBXFrameworksBuildPhase section */

/* Begin PBXGroup section */
		7F6920CC198DE8B9002F787F = {
			isa = PBXGroup;
			children = (
				7F6920DE198DE8B9002F787F /* ToDoList */,
				7F6920F7198DE8BA002F787F /* ToDoListTests */,
				7F6920D7198DE8B9002F787F /* Frameworks */,
				7F6920D6198DE8B9002F787F /* Products */,
			);
			sourceTree = "<group>";
		};
		7F6920D6198DE8B9002F787F /* Products */ = {
			isa = PBXGroup;
			children = (
				7F6920D5198DE8B9002F787F /* ToDoList.app */,
				7F6920F0198DE8BA002F787F /* ToDoListTests.xctest */,
			);
			name = Products;
			sourceTree = "<group>";
		};
		7F6920D7198DE8B9002F787F /* Frameworks */ = {
			isa = PBXGroup;
			children = (
				7F6920D8198DE8B9002F787F /* Foundation.framework */,
				7F6920DA198DE8B9002F787F /* CoreGraphics.framework */,
				7F6920DC198DE8B9002F787F /* UIKit.framework */,
				7F6920F1198DE8BA002F787F /* XCTest.framework */,
			);
			name = Frameworks;
			sourceTree = "<group>";
		};
		7F6920DE198DE8B9002F787F /* ToDoList */ = {
			isa = PBXGroup;
			children = (
				7F6920E7198DE8B9002F787F /* AppDelegate.h */,
				7F6920E8198DE8B9002F787F /* AppDelegate.m */,
				7F692107198DEB7F002F787F /* Main.storyboard */,
				7F6920EA198DE8B9002F787F /* Images.xcassets */,
				7F6920DF198DE8B9002F787F /* Supporting Files */,
			);
			path = ToDoList;
			sourceTree = "<group>";
		};
		7F6920DF198DE8B9002F787F /* Supporting Files */ = {
			isa = PBXGroup;
			children = (
				7F6920E0198DE8B9002F787F /* ToDoList-Info.plist */,
				7F6920E1198DE8B9002F787F /* InfoPlist.strings */,
				7F6920E4198DE8B9002F787F /* main.m */,
				7F6920E6198DE8B9002F787F /* ToDoList-Prefix.pch */,
			);
			name = "Supporting Files";
			sourceTree = "<group>";
		};
		7F6920F7198DE8BA002F787F /* ToDoListTests */ = {
			isa = PBXGroup;
			children = (
				7F6920FD198DE8BA002F787F /* ToDoListTests.m */,
				7F6920F8198DE8BA002F787F /* Supporting Files */,
			);
			path = ToDoListTests;
			sourceTree = "<group>";
		};
		7F6920F8198DE8BA002F787F /* Supporting Files */ = {
			isa = PBXGroup;
			children = (
				7F6920F9198DE8BA002F787F /* ToDoListTests-Info.plist */,
				7F6920FA198DE8BA002F787F /* InfoPlist.strings */,
			);
			name = "Supporting Files";
			sourceTree = "<group>";
		};
/* End PBXGroup section */

/* Begin PBXNativeTarget section */
		7F6920D4198DE8B9002F787F /* ToDoList */ = {
			isa = PBXNativeTarget;
			buildConfigurationList = 7F692101198DE8BA002F787F /* Build configuration list for PBXNativeTarget "ToDoList" */;
			buildPhases = (
				7F6920D1198DE8B9002F787F /* Sources */,
				7F6920D2198DE8B9002F787F /* Frameworks */,
				7F6920D3198DE8B9002F787F /* Resources */,
			);
			buildRules = (
			);
			dependencies = (
			);
			name = ToDoList;
			productName = ToDoList;
			productReference = 7F6920D5198DE8B9002F787F /* ToDoList.app */;
			productType = "com.apple.product-type.application";
		};
		7F6920EF198DE8BA002F787F /* ToDoListTests */ = {
			isa = PBXNativeTarget;
			buildConfigurationList = 7F692104198DE8BA002F787F /* Build configuration list for PBXNativeTarget "ToDoListTests" */;
			buildPhases = (
				7F6920EC198DE8BA002F787F /* Sources */,
				7F6920ED198DE8BA002F787F /* Frameworks */,
				7F6920EE198DE8BA002F787F /* Resources */,
			);
			buildRules = (
			);
			dependencies = (
				7F6920F6198DE8BA002F787F /* PBXTargetDependency */,
			);
			name = ToDoListTests;
			productName = ToDoListTests;
			productReference = 7F6920F0198DE8BA002F787F /* ToDoListTests.xctest */;
			productType = "com.apple.product-type.bundle.unit-test";
		};
/* End PBXNativeTarget section */

/* Begin PBXProject section */
		7F6920CD198DE8B9002F787F /* Project object */ = {
			isa = PBXProject;
			attributes = {
				LastUpgradeCheck = 0510;
				TargetAttributes = {
					7F6920EF198DE8BA002F787F = {
						TestTargetID = 7F6920D4198DE8B9002F787F;
					};
				};
			};
			buildConfigurationList = 7F6920D0198DE8B9002F787F /* Build configuration list for PBXProject "ToDoList" */;
			compatibilityVersion = "Xcode 3.2";
			developmentRegion = English;
			hasScannedForEncodings = 0;
			knownRegions = (
				en,
			);
			mainGroup = 7F6920CC198DE8B9002F787F;
			productRefGroup = 7F6920D6198DE8B9002F787F /* Products */;
			projectDirPath = "";
			projectRoot = "";
			targets = (
				7F6920D4198DE8B9002F787F /* ToDoList */,
				7F6920EF198DE8BA002F787F /* ToDoListTests */,
			);
		};
/* End PBXProject section */

/* Begin PBXResourcesBuildPhase section */
		7F6920D3198DE8B9002F787F /* Resources */ = {
			isa = PBXResourcesBuildPhase;
			buildActionMask = 2147483647;
			files = (
				7F692108198DEB7F002F787F /* Main.storyboard in Resources */,
				7F6920E3198DE8B9002F787F /* InfoPlist.strings in Resources */,
				7F6920EB198DE8B9002F787F /* Images.xcassets in Resources */,
			);
			runOnlyForDeploymentPostprocessing = 0;
		};
		7F6920EE198DE8BA002F787F /* Resources */ = {
			isa = PBXResourcesBuildPhase;
			buildActionMask = 2147483647;
			files = (
				7F6920FC198DE8BA002F787F /* InfoPlist.strings in Resources */,
			);
			runOnlyForDeploymentPostprocessing = 0;
		};
/* End PBXResourcesBuildPhase section */

/* Begin PBXSourcesBuildPhase section */
		7F6920D1198DE8B9002F787F /* Sources */ = {
			isa = PBXSourcesBuildPhase;
			buildActionMask = 2147483647;
			files = (
				7F6920E9198DE8B9002F787F /* AppDelegate.m in Sources */,
				7F6920E5198DE8B9002F787F /* main.m in Sources */,
			);
			runOnlyForDeploymentPostprocessing = 0;
		};
		7F6920EC198DE8BA002F787F /* Sources */ = {
			isa = PBXSourcesBuildPhase;
			buildActionMask = 2147483647;
			files = (
				7F6920FE198DE8BA002F787F /* ToDoListTests.m in Sources */,
			);
			runOnlyForDeploymentPostprocessing = 0;
		};
/* End PBXSourcesBuildPhase section */

/* Begin PBXTargetDependency section */
		7F6920F6198DE8BA002F787F /* PBXTargetDependency */ = {
			isa = PBXTargetDependency;
			target = 7F6920D4198DE8B9002F787F /* ToDoList */;
			targetProxy = 7F6920F5198DE8BA002F787F /* PBXContainerItemProxy */;
		};
/* End PBXTargetDependency section */

/* Begin PBXVariantGroup section */
		7F6920E1198DE8B9002F787F /* InfoPlist.strings */ = {
			isa = PBXVariantGroup;
			children = (
				7F6920E2198DE8B9002F787F /* en */,
			);
			name = InfoPlist.strings;
			sourceTree = "<group>";
		};
		7F6920FA198DE8BA002F787F /* InfoPlist.strings */ = {
			isa = PBXVariantGroup;
			children = (
				7F6920FB198DE8BA002F787F /* en */,
			);
			name = InfoPlist.strings;
			sourceTree = "<group>";
		};
/* End PBXVariantGroup section */

/* Begin XCBuildConfiguration section */
		7F6920FF198DE8BA002F787F /* Debug */ = {
			isa = XCBuildConfiguration;
			buildSettings = {
				ALWAYS_SEARCH_USER_PATHS = NO;
				CLANG_CXX_LANGUAGE_STANDARD = "gnu++0x";
				CLANG_CXX_LIBRARY = "libc++";
				CLANG_ENABLE_MODULES = YES;
				CLANG_ENABLE_OBJC_ARC = YES;
				CLANG_WARN_BOOL_CONVERSION = YES;
				CLANG_WARN_CONSTANT_CONVERSION = YES;
				CLANG_WARN_DIRECT_OBJC_ISA_USAGE = YES_ERROR;
				CLANG_WARN_EMPTY_BODY = YES;
				CLANG_WARN_ENUM_CONVERSION = YES;
				CLANG_WARN_INT_CONVERSION = YES;
				CLANG_WARN_OBJC_ROOT_CLASS = YES_ERROR;
				CLANG_WARN__DUPLICATE_METHOD_MATCH = YES;
				"CODE_SIGN_IDENTITY[sdk=iphoneos*]" = "iPhone Developer";
				COPY_PHASE_STRIP = NO;
				GCC_C_LANGUAGE_STANDARD = gnu99;
				GCC_DYNAMIC_NO_PIC = NO;
				GCC_OPTIMIZATION_LEVEL = 0;
				GCC_PREPROCESSOR_DEFINITIONS = (
					"DEBUG=1",
					"$(inherited)",
				);
				GCC_SYMBOLS_PRIVATE_EXTERN = NO;
				GCC_WARN_64_TO_32_BIT_CONVERSION = YES;
				GCC_WARN_ABOUT_RETURN_TYPE = YES_ERROR;
				GCC_WARN_UNDECLARED_SELECTOR = YES;
				GCC_WARN_UNINITIALIZED_AUTOS = YES_AGGRESSIVE;
				GCC_WARN_UNUSED_FUNCTION = YES;
				GCC_WARN_UNUSED_VARIABLE = YES;
				IPHONEOS_DEPLOYMENT_TARGET = 7.1;
				ONLY_ACTIVE_ARCH = YES;
				SDKROOT = iphoneos;
			};
			name = Debug;
		};
		7F692100198DE8BA002F787F /* Release */ = {
			isa = XCBuildConfiguration;
			buildSettings = {
				ALWAYS_SEARCH_USER_PATHS = NO;
				CLANG_CXX_LANGUAGE_STANDARD = "gnu++0x";
				CLANG_CXX_LIBRARY = "libc++";
				CLANG_ENABLE_MODULES = YES;
				CLANG_ENABLE_OBJC_ARC = YES;
				CLANG_WARN_BOOL_CONVERSION = YES;
				CLANG_WARN_CONSTANT_CONVERSION = YES;
				CLANG_WARN_DIRECT_OBJC_ISA_USAGE = YES_ERROR;
				CLANG_WARN_EMPTY_BODY = YES;
				CLANG_WARN_ENUM_CONVERSION = YES;
				CLANG_WARN_INT_CONVERSION = YES;
				CLANG_WARN_OBJC_ROOT_CLASS = YES_ERROR;
				CLANG_WARN__DUPLICATE_METHOD_MATCH = YES;
				"CODE_SIGN_IDENTITY[sdk=iphoneos*]" = "iPhone Developer";
				COPY_PHASE_STRIP = YES;
				ENABLE_NS_ASSERTIONS = NO;
				GCC_C_LANGUAGE_STANDARD = gnu99;
				GCC_WARN_64_TO_32_BIT_CONVERSION = YES;
				GCC_WARN_ABOUT_RETURN_TYPE = YES_ERROR;
				GCC_WARN_UNDECLARED_SELECTOR = YES;
				GCC_WARN_UNINITIALIZED_AUTOS = YES_AGGRESSIVE;
				GCC_WARN_UNUSED_FUNCTION = YES;
				GCC_WARN_UNUSED_VARIABLE = YES;
				IPHONEOS_DEPLOYMENT_TARGET = 7.1;
				SDKROOT = iphoneos;
				VALIDATE_PRODUCT = YES;
			};
			name = Release;
		};
		7F692102198DE8BA002F787F /* Debug */ = {
			isa = XCBuildConfiguration;
			buildSettings = {
				ASSETCATALOG_COMPILER_APPICON_NAME = AppIcon;
				ASSETCATALOG_COMPILER_LAUNCHIMAGE_NAME = LaunchImage;
				GCC_PRECOMPILE_PREFIX_HEADER = YES;
				GCC_PREFIX_HEADER = "ToDoList/ToDoList-Prefix.pch";
				INFOPLIST_FILE = "ToDoList/ToDoList-Info.plist";
				PRODUCT_NAME = "$(TARGET_NAME)";
				WRAPPER_EXTENSION = app;
			};
			name = Debug;
		};
		7F692103198DE8BA002F787F /* Release */ = {
			isa = XCBuildConfiguration;
			buildSettings = {
				ASSETCATALOG_COMPILER_APPICON_NAME = AppIcon;
				ASSETCATALOG_COMPILER_LAUNCHIMAGE_NAME = LaunchImage;
				GCC_PRECOMPILE_PREFIX_HEADER = YES;
				GCC_PREFIX_HEADER = "ToDoList/ToDoList-Prefix.pch";
				INFOPLIST_FILE = "ToDoList/ToDoList-Info.plist";
				PRODUCT_NAME = "$(TARGET_NAME)";
				WRAPPER_EXTENSION = app;
			};
			name = Release;
		};
		7F692105198DE8BA002F787F /* Debug */ = {
			isa = XCBuildConfiguration;
			buildSettings = {
				BUNDLE_LOADER = "$(BUILT_PRODUCTS_DIR)/ToDoList.app/ToDoList";
				FRAMEWORK_SEARCH_PATHS = (
					"$(SDKROOT)/Developer/Library/Frameworks",
					"$(inherited)",
					"$(DEVELOPER_FRAMEWORKS_DIR)",
				);
				GCC_PRECOMPILE_PREFIX_HEADER = YES;
				GCC_PREFIX_HEADER = "ToDoList/ToDoList-Prefix.pch";
				GCC_PREPROCESSOR_DEFINITIONS = (
					"DEBUG=1",
					"$(inherited)",
				);
				INFOPLIST_FILE = "ToDoListTests/ToDoListTests-Info.plist";
				PRODUCT_NAME = "$(TARGET_NAME)";
				TEST_HOST = "$(BUNDLE_LOADER)";
				WRAPPER_EXTENSION = xctest;
			};
			name = Debug;
		};
		7F692106198DE8BA002F787F /* Release */ = {
			isa = XCBuildConfiguration;
			buildSettings = {
				BUNDLE_LOADER = "$(BUILT_PRODUCTS_DIR)/ToDoList.app/ToDoList";
				FRAMEWORK_SEARCH_PATHS = (
					"$(SDKROOT)/Developer/Library/Frameworks",
					"$(inherited)",
					"$(DEVELOPER_FRAMEWORKS_DIR)",
				);
				GCC_PRECOMPILE_PREFIX_HEADER = YES;
				GCC_PREFIX_HEADER = "ToDoList/ToDoList-Prefix.pch";
				INFOPLIST_FILE = "ToDoListTests/ToDoListTests-Info.plist";
				PRODUCT_NAME = "$(TARGET_NAME)";
				TEST_HOST = "$(BUNDLE_LOADER)";
				WRAPPER_EXTENSION = xctest;
			};
			name = Release;
		};
/* End XCBuildConfiguration section */

/* Begin XCConfigurationList section */
		7F6920D0198DE8B9002F787F /* Build configuration list for PBXProject "ToDoList" */ = {
			isa = XCConfigurationList;
			buildConfigurations = (
				7F6920FF198DE8BA002F787F /* Debug */,
				7F692100198DE8BA002F787F /* Release */,
			);
			defaultConfigurationIsVisible = 0;
			defaultConfigurationName = Release;
		};
		7F692101198DE8BA002F787F /* Build configuration list for PBXNativeTarget "ToDoList" */ = {
			isa = XCConfigurationList;
			buildConfigurations = (
				7F692102198DE8BA002F787F /* Debug */,
				7F692103198DE8BA002F787F /* Release */,
			);
			defaultConfigurationIsVisible = 0;
		};
		7F692104198DE8BA002F787F /* Build configuration list for PBXNativeTarget "ToDoListTests" */ = {
			isa = XCConfigurationList;
			buildConfigurations = (
				7F692105198DE8BA002F787F /* Debug */,
				7F692106198DE8BA002F787F /* Release */,
			);
			defaultConfigurationIsVisible = 0;
		};
/* End XCConfigurationList section */
	};
	rootObject = 7F6920CD198DE8B9002F787F /* Project object */;
}
